// !$*UTF8*$!
{
	archiveVersion = 1;
	classes = {
	};
	objectVersion = 56;
	objects = {

/* Begin PBXBuildFile section */
		BD6286A42C43168100683A8D /* AppDelegate.swift in Sources */ = {isa = PBXBuildFile; fileRef = BD6286A32C43168100683A8D /* AppDelegate.swift */; };
		BD6286A62C43168100683A8D /* SceneDelegate.swift in Sources */ = {isa = PBXBuildFile; fileRef = BD6286A52C43168100683A8D /* SceneDelegate.swift */; };
		BD6286A82C43168100683A8D /* ViewController.swift in Sources */ = {isa = PBXBuildFile; fileRef = BD6286A72C43168100683A8D /* ViewController.swift */; };
		BD6286AB2C43168100683A8D /* Base in Resources */ = {isa = PBXBuildFile; fileRef = BD6286AA2C43168100683A8D /* Base */; };
		BD6286AD2C43168300683A8D /* Assets.xcassets in Resources */ = {isa = PBXBuildFile; fileRef = BD6286AC2C43168300683A8D /* Assets.xcassets */; };
		BD6286B02C43168300683A8D /* Base in Resources */ = {isa = PBXBuildFile; fileRef = BD6286AF2C43168300683A8D /* Base */; };
		BD6286BB2C43168300683A8D /* FlilterDemoTests.swift in Sources */ = {isa = PBXBuildFile; fileRef = BD6286BA2C43168300683A8D /* FlilterDemoTests.swift */; };
		BD6286C52C43168300683A8D /* FlilterDemoUITests.swift in Sources */ = {isa = PBXBuildFile; fileRef = BD6286C42C43168300683A8D /* FlilterDemoUITests.swift */; };
		BD6286C72C43168300683A8D /* FlilterDemoUITestsLaunchTests.swift in Sources */ = {isa = PBXBuildFile; fileRef = BD6286C62C43168300683A8D /* FlilterDemoUITestsLaunchTests.swift */; };
		BDBC938A2C45B2CD00B87F9C /* MainViewController.swift in Sources */ = {isa = PBXBuildFile; fileRef = BDBC93892C45B2CD00B87F9C /* MainViewController.swift */; };
		BDBC938C2C45B3CF00B87F9C /* BottomSheetViewController.swift in Sources */ = {isa = PBXBuildFile; fileRef = BDBC938B2C45B3CF00B87F9C /* BottomSheetViewController.swift */; };
/* End PBXBuildFile section */

/* Begin PBXContainerItemProxy section */
		BD6286B72C43168300683A8D /* PBXContainerItemProxy */ = {
			isa = PBXContainerItemProxy;
			containerPortal = BD6286982C43168100683A8D /* Project object */;
			proxyType = 1;
			remoteGlobalIDString = BD62869F2C43168100683A8D;
			remoteInfo = FlilterDemo;
		};
		BD6286C12C43168300683A8D /* PBXContainerItemProxy */ = {
			isa = PBXContainerItemProxy;
			containerPortal = BD6286982C43168100683A8D /* Project object */;
			proxyType = 1;
			remoteGlobalIDString = BD62869F2C43168100683A8D;
			remoteInfo = FlilterDemo;
		};
/* End PBXContainerItemProxy section */

/* Begin PBXFileReference section */
		BD6286A02C43168100683A8D /* FlilterDemo.app */ = {isa = PBXFileReference; explicitFileType = wrapper.application; includeInIndex = 0; path = FlilterDemo.app; sourceTree = BUILT_PRODUCTS_DIR; };
		BD6286A32C43168100683A8D /* AppDelegate.swift */ = {isa = PBXFileReference; lastKnownFileType = sourcecode.swift; path = AppDelegate.swift; sourceTree = "<group>"; };
		BD6286A52C43168100683A8D /* SceneDelegate.swift */ = {isa = PBXFileReference; lastKnownFileType = sourcecode.swift; path = SceneDelegate.swift; sourceTree = "<group>"; };
		BD6286A72C43168100683A8D /* ViewController.swift */ = {isa = PBXFileReference; lastKnownFileType = sourcecode.swift; path = ViewController.swift; sourceTree = "<group>"; };
		BD6286AA2C43168100683A8D /* Base */ = {isa = PBXFileReference; lastKnownFileType = file.storyboard; name = Base; path = Base.lproj/Main.storyboard; sourceTree = "<group>"; };
		BD6286AC2C43168300683A8D /* Assets.xcassets */ = {isa = PBXFileReference; lastKnownFileType = folder.assetcatalog; path = Assets.xcassets; sourceTree = "<group>"; };
		BD6286AF2C43168300683A8D /* Base */ = {isa = PBXFileReference; lastKnownFileType = file.storyboard; name = Base; path = Base.lproj/LaunchScreen.storyboard; sourceTree = "<group>"; };
		BD6286B12C43168300683A8D /* Info.plist */ = {isa = PBXFileReference; lastKnownFileType = text.plist.xml; path = Info.plist; sourceTree = "<group>"; };
		BD6286B62C43168300683A8D /* FlilterDemoTests.xctest */ = {isa = PBXFileReference; explicitFileType = wrapper.cfbundle; includeInIndex = 0; path = FlilterDemoTests.xctest; sourceTree = BUILT_PRODUCTS_DIR; };
		BD6286BA2C43168300683A8D /* FlilterDemoTests.swift */ = {isa = PBXFileReference; lastKnownFileType = sourcecode.swift; path = FlilterDemoTests.swift; sourceTree = "<group>"; };
		BD6286C02C43168300683A8D /* FlilterDemoUITests.xctest */ = {isa = PBXFileReference; explicitFileType = wrapper.cfbundle; includeInIndex = 0; path = FlilterDemoUITests.xctest; sourceTree = BUILT_PRODUCTS_DIR; };
		BD6286C42C43168300683A8D /* FlilterDemoUITests.swift */ = {isa = PBXFileReference; lastKnownFileType = sourcecode.swift; path = FlilterDemoUITests.swift; sourceTree = "<group>"; };
		BD6286C62C43168300683A8D /* FlilterDemoUITestsLaunchTests.swift */ = {isa = PBXFileReference; lastKnownFileType = sourcecode.swift; path = FlilterDemoUITestsLaunchTests.swift; sourceTree = "<group>"; };
		BDBC93892C45B2CD00B87F9C /* MainViewController.swift */ = {isa = PBXFileReference; lastKnownFileType = sourcecode.swift; path = MainViewController.swift; sourceTree = "<group>"; };
		BDBC938B2C45B3CF00B87F9C /* BottomSheetViewController.swift */ = {isa = PBXFileReference; lastKnownFileType = sourcecode.swift; path = BottomSheetViewController.swift; sourceTree = "<group>"; };
/* End PBXFileReference section */

/* Begin PBXFrameworksBuildPhase section */
		BD62869D2C43168100683A8D /* Frameworks */ = {
			isa = PBXFrameworksBuildPhase;
			buildActionMask = 2147483647;
			files = (
			);
			runOnlyForDeploymentPostprocessing = 0;
		};
		BD6286B32C43168300683A8D /* Frameworks */ = {
			isa = PBXFrameworksBuildPhase;
			buildActionMask = 2147483647;
			files = (
			);
			runOnlyForDeploymentPostprocessing = 0;
		};
		BD6286BD2C43168300683A8D /* Frameworks */ = {
			isa = PBXFrameworksBuildPhase;
			buildActionMask = 2147483647;
			files = (
			);
			runOnlyForDeploymentPostprocessing = 0;
		};
/* End PBXFrameworksBuildPhase section */

/* Begin PBXGroup section */
		BD6286972C43168100683A8D = {
			isa = PBXGroup;
			children = (
				BD6286A22C43168100683A8D /* FlilterDemo */,
				BD6286B92C43168300683A8D /* FlilterDemoTests */,
				BD6286C32C43168300683A8D /* FlilterDemoUITests */,
				BD6286A12C43168100683A8D /* Products */,
			);
			sourceTree = "<group>";
		};
		BD6286A12C43168100683A8D /* Products */ = {
			isa = PBXGroup;
			children = (
				BD6286A02C43168100683A8D /* FlilterDemo.app */,
				BD6286B62C43168300683A8D /* FlilterDemoTests.xctest */,
				BD6286C02C43168300683A8D /* FlilterDemoUITests.xctest */,
			);
			name = Products;
			sourceTree = "<group>";
		};
		BD6286A22C43168100683A8D /* FlilterDemo */ = {
			isa = PBXGroup;
			children = (
				BD6286A32C43168100683A8D /* AppDelegate.swift */,
				BD6286A52C43168100683A8D /* SceneDelegate.swift */,
				BD6286A72C43168100683A8D /* ViewController.swift */,
				BDBC93892C45B2CD00B87F9C /* MainViewController.swift */,
				BDBC938B2C45B3CF00B87F9C /* BottomSheetViewController.swift */,
				BD6286A92C43168100683A8D /* Main.storyboard */,
				BD6286AC2C43168300683A8D /* Assets.xcassets */,
				BD6286AE2C43168300683A8D /* LaunchScreen.storyboard */,
				BD6286B12C43168300683A8D /* Info.plist */,
			);
			path = FlilterDemo;
			sourceTree = "<group>";
		};
		BD6286B92C43168300683A8D /* FlilterDemoTests */ = {
			isa = PBXGroup;
			children = (
				BD6286BA2C43168300683A8D /* FlilterDemoTests.swift */,
			);
			path = FlilterDemoTests;
			sourceTree = "<group>";
		};
		BD6286C32C43168300683A8D /* FlilterDemoUITests */ = {
			isa = PBXGroup;
			children = (
				BD6286C42C43168300683A8D /* FlilterDemoUITests.swift */,
				BD6286C62C43168300683A8D /* FlilterDemoUITestsLaunchTests.swift */,
			);
			path = FlilterDemoUITests;
			sourceTree = "<group>";
		};
/* End PBXGroup section */

/* Begin PBXNativeTarget section */
		BD62869F2C43168100683A8D /* FlilterDemo */ = {
			isa = PBXNativeTarget;
			buildConfigurationList = BD6286CA2C43168300683A8D /* Build configuration list for PBXNativeTarget "FlilterDemo" */;
			buildPhases = (
				BD62869C2C43168100683A8D /* Sources */,
				BD62869D2C43168100683A8D /* Frameworks */,
				BD62869E2C43168100683A8D /* Resources */,
			);
			buildRules = (
			);
			dependencies = (
			);
			name = FlilterDemo;
			productName = FlilterDemo;
			productReference = BD6286A02C43168100683A8D /* FlilterDemo.app */;
			productType = "com.apple.product-type.application";
		};
		BD6286B52C43168300683A8D /* FlilterDemoTests */ = {
			isa = PBXNativeTarget;
			buildConfigurationList = BD6286CD2C43168300683A8D /* Build configuration list for PBXNativeTarget "FlilterDemoTests" */;
			buildPhases = (
				BD6286B22C43168300683A8D /* Sources */,
				BD6286B32C43168300683A8D /* Frameworks */,
				BD6286B42C43168300683A8D /* Resources */,
			);
			buildRules = (
			);
			dependencies = (
				BD6286B82C43168300683A8D /* PBXTargetDependency */,
			);
			name = FlilterDemoTests;
			productName = FlilterDemoTests;
			productReference = BD6286B62C43168300683A8D /* FlilterDemoTests.xctest */;
			productType = "com.apple.product-type.bundle.unit-test";
		};
		BD6286BF2C43168300683A8D /* FlilterDemoUITests */ = {
			isa = PBXNativeTarget;
			buildConfigurationList = BD6286D02C43168300683A8D /* Build configuration list for PBXNativeTarget "FlilterDemoUITests" */;
			buildPhases = (
				BD6286BC2C43168300683A8D /* Sources */,
				BD6286BD2C43168300683A8D /* Frameworks */,
				BD6286BE2C43168300683A8D /* Resources */,
			);
			buildRules = (
			);
			dependencies = (
				BD6286C22C43168300683A8D /* PBXTargetDependency */,
			);
			name = FlilterDemoUITests;
			productName = FlilterDemoUITests;
			productReference = BD6286C02C43168300683A8D /* FlilterDemoUITests.xctest */;
			productType = "com.apple.product-type.bundle.ui-testing";
		};
/* End PBXNativeTarget section */

/* Begin PBXProject section */
		BD6286982C43168100683A8D /* Project object */ = {
			isa = PBXProject;
			attributes = {
				BuildIndependentTargetsInParallel = 1;
				LastSwiftUpdateCheck = 1530;
				LastUpgradeCheck = 1530;
				TargetAttributes = {
					BD62869F2C43168100683A8D = {
						CreatedOnToolsVersion = 15.3;
					};
					BD6286B52C43168300683A8D = {
						CreatedOnToolsVersion = 15.3;
						TestTargetID = BD62869F2C43168100683A8D;
					};
					BD6286BF2C43168300683A8D = {
						CreatedOnToolsVersion = 15.3;
						TestTargetID = BD62869F2C43168100683A8D;
					};
				};
			};
			buildConfigurationList = BD62869B2C43168100683A8D /* Build configuration list for PBXProject "FlilterDemo" */;
			compatibilityVersion = "Xcode 14.0";
			developmentRegion = en;
			hasScannedForEncodings = 0;
			knownRegions = (
				en,
				Base,
			);
			mainGroup = BD6286972C43168100683A8D;
			productRefGroup = BD6286A12C43168100683A8D /* Products */;
			projectDirPath = "";
			projectRoot = "";
			targets = (
				BD62869F2C43168100683A8D /* FlilterDemo */,
				BD6286B52C43168300683A8D /* FlilterDemoTests */,
				BD6286BF2C43168300683A8D /* FlilterDemoUITests */,
			);
		};
/* End PBXProject section */

/* Begin PBXResourcesBuildPhase section */
		BD62869E2C43168100683A8D /* Resources */ = {
			isa = PBXResourcesBuildPhase;
			buildActionMask = 2147483647;
			files = (
				BD6286AD2C43168300683A8D /* Assets.xcassets in Resources */,
				BD6286B02C43168300683A8D /* Base in Resources */,
				BD6286AB2C43168100683A8D /* Base in Resources */,
			);
			runOnlyForDeploymentPostprocessing = 0;
		};
		BD6286B42C43168300683A8D /* Resources */ = {
			isa = PBXResourcesBuildPhase;
			buildActionMask = 2147483647;
			files = (
			);
			runOnlyForDeploymentPostprocessing = 0;
		};
		BD6286BE2C43168300683A8D /* Resources */ = {
			isa = PBXResourcesBuildPhase;
			buildActionMask = 2147483647;
			files = (
			);
			runOnlyForDeploymentPostprocessing = 0;
		};
/* End PBXResourcesBuildPhase section */

/* Begin PBXSourcesBuildPhase section */
		BD62869C2C43168100683A8D /* Sources */ = {
			isa = PBXSourcesBuildPhase;
			buildActionMask = 2147483647;
			files = (
				BD6286A82C43168100683A8D /* ViewController.swift in Sources */,
				BD6286A42C43168100683A8D /* AppDelegate.swift in Sources */,
				BD6286A62C43168100683A8D /* SceneDelegate.swift in Sources */,
				BDBC938C2C45B3CF00B87F9C /* BottomSheetViewController.swift in Sources */,
				BDBC938A2C45B2CD00B87F9C /* MainViewController.swift in Sources */,
			);
			runOnlyForDeploymentPostprocessing = 0;
		};
		BD6286B22C43168300683A8D /* Sources */ = {
			isa = PBXSourcesBuildPhase;
			buildActionMask = 2147483647;
			files = (
				BD6286BB2C43168300683A8D /* FlilterDemoTests.swift in Sources */,
			);
			runOnlyForDeploymentPostprocessing = 0;
		};
		BD6286BC2C43168300683A8D /* Sources */ = {
			isa = PBXSourcesBuildPhase;
			buildActionMask = 2147483647;
			files = (
				BD6286C72C43168300683A8D /* FlilterDemoUITestsLaunchTests.swift in Sources */,
				BD6286C52C43168300683A8D /* FlilterDemoUITests.swift in Sources */,
			);
			runOnlyForDeploymentPostprocessing = 0;
		};
/* End PBXSourcesBuildPhase section */

/* Begin PBXTargetDependency section */
		BD6286B82C43168300683A8D /* PBXTargetDependency */ = {
			isa = PBXTargetDependency;
			target = BD62869F2C43168100683A8D /* FlilterDemo */;
			targetProxy = BD6286B72C43168300683A8D /* PBXContainerItemProxy */;
		};
		BD6286C22C43168300683A8D /* PBXTargetDependency */ = {
			isa = PBXTargetDependency;
			target = BD62869F2C43168100683A8D /* FlilterDemo */;
			targetProxy = BD6286C12C43168300683A8D /* PBXContainerItemProxy */;
		};
/* End PBXTargetDependency section */

/* Begin PBXVariantGroup section */
		BD6286A92C43168100683A8D /* Main.storyboard */ = {
			isa = PBXVariantGroup;
			children = (
				BD6286AA2C43168100683A8D /* Base */,
			);
			name = Main.storyboard;
			sourceTree = "<group>";
		};
		BD6286AE2C43168300683A8D /* LaunchScreen.storyboard */ = {
			isa = PBXVariantGroup;
			children = (
				BD6286AF2C43168300683A8D /* Base */,
			);
			name = LaunchScreen.storyboard;
			sourceTree = "<group>";
		};
/* End PBXVariantGroup section */

/* Begin XCBuildConfiguration section */
		BD6286C82C43168300683A8D /* Debug */ = {
			isa = XCBuildConfiguration;
			buildSettings = {
				ALWAYS_SEARCH_USER_PATHS = NO;
				ASSETCATALOG_COMPILER_GENERATE_SWIFT_ASSET_SYMBOL_EXTENSIONS = YES;
				CLANG_ANALYZER_NONNULL = YES;
				CLANG_ANALYZER_NUMBER_OBJECT_CONVERSION = YES_AGGRESSIVE;
				CLANG_CXX_LANGUAGE_STANDARD = "gnu++20";
				CLANG_ENABLE_MODULES = YES;
				CLANG_ENABLE_OBJC_ARC = YES;
				CLANG_ENABLE_OBJC_WEAK = YES;
				CLANG_WARN_BLOCK_CAPTURE_AUTORELEASING = YES;
				CLANG_WARN_BOOL_CONVERSION = YES;
				CLANG_WARN_COMMA = YES;
				CLANG_WARN_CONSTANT_CONVERSION = YES;
				CLANG_WARN_DEPRECATED_OBJC_IMPLEMENTATIONS = YES;
				CLANG_WARN_DIRECT_OBJC_ISA_USAGE = YES_ERROR;
				CLANG_WARN_DOCUMENTATION_COMMENTS = YES;
				CLANG_WARN_EMPTY_BODY = YES;
				CLANG_WARN_ENUM_CONVERSION = YES;
				CLANG_WARN_INFINITE_RECURSION = YES;
				CLANG_WARN_INT_CONVERSION = YES;
				CLANG_WARN_NON_LITERAL_NULL_CONVERSION = YES;
				CLANG_WARN_OBJC_IMPLICIT_RETAIN_SELF = YES;
				CLANG_WARN_OBJC_LITERAL_CONVERSION = YES;
				CLANG_WARN_OBJC_ROOT_CLASS = YES_ERROR;
				CLANG_WARN_QUOTED_INCLUDE_IN_FRAMEWORK_HEADER = YES;
				CLANG_WARN_RANGE_LOOP_ANALYSIS = YES;
				CLANG_WARN_STRICT_PROTOTYPES = YES;
				CLANG_WARN_SUSPICIOUS_MOVE = YES;
				CLANG_WARN_UNGUARDED_AVAILABILITY = YES_AGGRESSIVE;
				CLANG_WARN_UNREACHABLE_CODE = YES;
				CLANG_WARN__DUPLICATE_METHOD_MATCH = YES;
				COPY_PHASE_STRIP = NO;
				DEBUG_INFORMATION_FORMAT = dwarf;
				ENABLE_STRICT_OBJC_MSGSEND = YES;
				ENABLE_TESTABILITY = YES;
				ENABLE_USER_SCRIPT_SANDBOXING = YES;
				GCC_C_LANGUAGE_STANDARD = gnu17;
				GCC_DYNAMIC_NO_PIC = NO;
				GCC_NO_COMMON_BLOCKS = YES;
				GCC_OPTIMIZATION_LEVEL = 0;
				GCC_PREPROCESSOR_DEFINITIONS = (
					"DEBUG=1",
					"$(inherited)",
				);
				GCC_WARN_64_TO_32_BIT_CONVERSION = YES;
				GCC_WARN_ABOUT_RETURN_TYPE = YES_ERROR;
				GCC_WARN_UNDECLARED_SELECTOR = YES;
				GCC_WARN_UNINITIALIZED_AUTOS = YES_AGGRESSIVE;
				GCC_WARN_UNUSED_FUNCTION = YES;
				GCC_WARN_UNUSED_VARIABLE = YES;
				IPHONEOS_DEPLOYMENT_TARGET = 17.4;
				LOCALIZATION_PREFERS_STRING_CATALOGS = YES;
				MTL_ENABLE_DEBUG_INFO = INCLUDE_SOURCE;
				MTL_FAST_MATH = YES;
				ONLY_ACTIVE_ARCH = YES;
				SDKROOT = iphoneos;
				SWIFT_ACTIVE_COMPILATION_CONDITIONS = "DEBUG $(inherited)";
				SWIFT_OPTIMIZATION_LEVEL = "-Onone";
			};
			name = Debug;
		};
		BD6286C92C43168300683A8D /* Release */ = {
			isa = XCBuildConfiguration;
			buildSettings = {
				ALWAYS_SEARCH_USER_PATHS = NO;
				ASSETCATALOG_COMPILER_GENERATE_SWIFT_ASSET_SYMBOL_EXTENSIONS = YES;
				CLANG_ANALYZER_NONNULL = YES;
				CLANG_ANALYZER_NUMBER_OBJECT_CONVERSION = YES_AGGRESSIVE;
				CLANG_CXX_LANGUAGE_STANDARD = "gnu++20";
				CLANG_ENABLE_MODULES = YES;
				CLANG_ENABLE_OBJC_ARC = YES;
				CLANG_ENABLE_OBJC_WEAK = YES;
				CLANG_WARN_BLOCK_CAPTURE_AUTORELEASING = YES;
				CLANG_WARN_BOOL_CONVERSION = YES;
				CLANG_WARN_COMMA = YES;
				CLANG_WARN_CONSTANT_CONVERSION = YES;
				CLANG_WARN_DEPRECATED_OBJC_IMPLEMENTATIONS = YES;
				CLANG_WARN_DIRECT_OBJC_ISA_USAGE = YES_ERROR;
				CLANG_WARN_DOCUMENTATION_COMMENTS = YES;
				CLANG_WARN_EMPTY_BODY = YES;
				CLANG_WARN_ENUM_CONVERSION = YES;
				CLANG_WARN_INFINITE_RECURSION = YES;
				CLANG_WARN_INT_CONVERSION = YES;
				CLANG_WARN_NON_LITERAL_NULL_CONVERSION = YES;
				CLANG_WARN_OBJC_IMPLICIT_RETAIN_SELF = YES;
				CLANG_WARN_OBJC_LITERAL_CONVERSION = YES;
				CLANG_WARN_OBJC_ROOT_CLASS = YES_ERROR;
				CLANG_WARN_QUOTED_INCLUDE_IN_FRAMEWORK_HEADER = YES;
				CLANG_WARN_RANGE_LOOP_ANALYSIS = YES;
				CLANG_WARN_STRICT_PROTOTYPES = YES;
				CLANG_WARN_SUSPICIOUS_MOVE = YES;
				CLANG_WARN_UNGUARDED_AVAILABILITY = YES_AGGRESSIVE;
				CLANG_WARN_UNREACHABLE_CODE = YES;
				CLANG_WARN__DUPLICATE_METHOD_MATCH = YES;
				COPY_PHASE_STRIP = NO;
				DEBUG_INFORMATION_FORMAT = "dwarf-with-dsym";
				ENABLE_NS_ASSERTIONS = NO;
				ENABLE_STRICT_OBJC_MSGSEND = YES;
				ENABLE_USER_SCRIPT_SANDBOXING = YES;
				GCC_C_LANGUAGE_STANDARD = gnu17;
				GCC_NO_COMMON_BLOCKS = YES;
				GCC_WARN_64_TO_32_BIT_CONVERSION = YES;
				GCC_WARN_ABOUT_RETURN_TYPE = YES_ERROR;
				GCC_WARN_UNDECLARED_SELECTOR = YES;
				GCC_WARN_UNINITIALIZED_AUTOS = YES_AGGRESSIVE;
				GCC_WARN_UNUSED_FUNCTION = YES;
				GCC_WARN_UNUSED_VARIABLE = YES;
				IPHONEOS_DEPLOYMENT_TARGET = 17.4;
				LOCALIZATION_PREFERS_STRING_CATALOGS = YES;
				MTL_ENABLE_DEBUG_INFO = NO;
				MTL_FAST_MATH = YES;
				SDKROOT = iphoneos;
				SWIFT_COMPILATION_MODE = wholemodule;
				VALIDATE_PRODUCT = YES;
			};
			name = Release;
		};
		BD6286CB2C43168300683A8D /* Debug */ = {
			isa = XCBuildConfiguration;
			buildSettings = {
				ASSETCATALOG_COMPILER_APPICON_NAME = AppIcon;
				ASSETCATALOG_COMPILER_GLOBAL_ACCENT_COLOR_NAME = AccentColor;
				CODE_SIGN_STYLE = Automatic;
				CURRENT_PROJECT_VERSION = 1;
				DEVELOPMENT_TEAM = CVRPLSH3AP;
				GENERATE_INFOPLIST_FILE = YES;
				INFOPLIST_FILE = FlilterDemo/Info.plist;
				INFOPLIST_KEY_UIApplicationSupportsIndirectInputEvents = YES;
				INFOPLIST_KEY_UILaunchStoryboardName = LaunchScreen;
				INFOPLIST_KEY_UIMainStoryboardFile = Main;
				INFOPLIST_KEY_UISupportedInterfaceOrientations_iPad = "UIInterfaceOrientationPortrait UIInterfaceOrientationPortraitUpsideDown UIInterfaceOrientationLandscapeLeft UIInterfaceOrientationLandscapeRight";
				INFOPLIST_KEY_UISupportedInterfaceOrientations_iPhone = "UIInterfaceOrientationPortrait UIInterfaceOrientationLandscapeLeft UIInterfaceOrientationLandscapeRight";
				LD_RUNPATH_SEARCH_PATHS = (
					"$(inherited)",
					"@executable_path/Frameworks",
				);
				MARKETING_VERSION = 1.0;
				PRODUCT_BUNDLE_IDENTIFIER = com.plexustechnology.FlilterDemo;
				PRODUCT_NAME = "$(TARGET_NAME)";
				SWIFT_EMIT_LOC_STRINGS = YES;
				SWIFT_VERSION = 5.0;
				TARGETED_DEVICE_FAMILY = "1,2";
			};
			name = Debug;
		};
		BD6286CC2C43168300683A8D /* Release */ = {
			isa = XCBuildConfiguration;
			buildSettings = {
				ASSETCATALOG_COMPILER_APPICON_NAME = AppIcon;
				ASSETCATALOG_COMPILER_GLOBAL_ACCENT_COLOR_NAME = AccentColor;
				CODE_SIGN_STYLE = Automatic;
				CURRENT_PROJECT_VERSION = 1;
				DEVELOPMENT_TEAM = CVRPLSH3AP;
				GENERATE_INFOPLIST_FILE = YES;
				INFOPLIST_FILE = FlilterDemo/Info.plist;
				INFOPLIST_KEY_UIApplicationSupportsIndirectInputEvents = YES;
				INFOPLIST_KEY_UILaunchStoryboardName = LaunchScreen;
				INFOPLIST_KEY_UIMainStoryboardFile = Main;
				INFOPLIST_KEY_UISupportedInterfaceOrientations_iPad = "UIInterfaceOrientationPortrait UIInterfaceOrientationPortraitUpsideDown UIInterfaceOrientationLandscapeLeft UIInterfaceOrientationLandscapeRight";
				INFOPLIST_KEY_UISupportedInterfaceOrientations_iPhone = "UIInterfaceOrientationPortrait UIInterfaceOrientationLandscapeLeft UIInterfaceOrientationLandscapeRight";
				LD_RUNPATH_SEARCH_PATHS = (
					"$(inherited)",
					"@executable_path/Frameworks",
				);
				MARKETING_VERSION = 1.0;
				PRODUCT_BUNDLE_IDENTIFIER = com.plexustechnology.FlilterDemo;
				PRODUCT_NAME = "$(TARGET_NAME)";
				SWIFT_EMIT_LOC_STRINGS = YES;
				SWIFT_VERSION = 5.0;
				TARGETED_DEVICE_FAMILY = "1,2";
			};
			name = Release;
		};
		BD6286CE2C43168300683A8D /* Debug */ = {
			isa = XCBuildConfiguration;
			buildSettings = {
				ALWAYS_EMBED_SWIFT_STANDARD_LIBRARIES = YES;
				BUNDLE_LOADER = "$(TEST_HOST)";
				CODE_SIGN_STYLE = Automatic;
				CURRENT_PROJECT_VERSION = 1;
				DEVELOPMENT_TEAM = CVRPLSH3AP;
				GENERATE_INFOPLIST_FILE = YES;
				IPHONEOS_DEPLOYMENT_TARGET = 17.4;
				MARKETING_VERSION = 1.0;
				PRODUCT_BUNDLE_IDENTIFIER = com.plexustechnology.FlilterDemoTests;
				PRODUCT_NAME = "$(TARGET_NAME)";
				SWIFT_EMIT_LOC_STRINGS = NO;
				SWIFT_VERSION = 5.0;
				TARGETED_DEVICE_FAMILY = "1,2";
				TEST_HOST = "$(BUILT_PRODUCTS_DIR)/FlilterDemo.app/$(BUNDLE_EXECUTABLE_FOLDER_PATH)/FlilterDemo";
			};
			name = Debug;
		};
		BD6286CF2C43168300683A8D /* Release */ = {
			isa = XCBuildConfiguration;
			buildSettings = {
				ALWAYS_EMBED_SWIFT_STANDARD_LIBRARIES = YES;
				BUNDLE_LOADER = "$(TEST_HOST)";
				CODE_SIGN_STYLE = Automatic;
				CURRENT_PROJECT_VERSION = 1;
				DEVELOPMENT_TEAM = CVRPLSH3AP;
				GENERATE_INFOPLIST_FILE = YES;
				IPHONEOS_DEPLOYMENT_TARGET = 17.4;
				MARKETING_VERSION = 1.0;
				PRODUCT_BUNDLE_IDENTIFIER = com.plexustechnology.FlilterDemoTests;
				PRODUCT_NAME = "$(TARGET_NAME)";
				SWIFT_EMIT_LOC_STRINGS = NO;
				SWIFT_VERSION = 5.0;
				TARGETED_DEVICE_FAMILY = "1,2";
				TEST_HOST = "$(BUILT_PRODUCTS_DIR)/FlilterDemo.app/$(BUNDLE_EXECUTABLE_FOLDER_PATH)/FlilterDemo";
			};
			name = Release;
		};
		BD6286D12C43168300683A8D /* Debug */ = {
			isa = XCBuildConfiguration;
			buildSettings = {
				ALWAYS_EMBED_SWIFT_STANDARD_LIBRARIES = YES;
				CODE_SIGN_STYLE = Automatic;
				CURRENT_PROJECT_VERSION = 1;
				DEVELOPMENT_TEAM = CVRPLSH3AP;
				GENERATE_INFOPLIST_FILE = YES;
				MARKETING_VERSION = 1.0;
				PRODUCT_BUNDLE_IDENTIFIER = com.plexustechnology.FlilterDemoUITests;
				PRODUCT_NAME = "$(TARGET_NAME)";
				SWIFT_EMIT_LOC_STRINGS = NO;
				SWIFT_VERSION = 5.0;
				TARGETED_DEVICE_FAMILY = "1,2";
				TEST_TARGET_NAME = FlilterDemo;
			};
			name = Debug;
		};
		BD6286D22C43168300683A8D /* Release */ = {
			isa = XCBuildConfiguration;
			buildSettings = {
				ALWAYS_EMBED_SWIFT_STANDARD_LIBRARIES = YES;
				CODE_SIGN_STYLE = Automatic;
				CURRENT_PROJECT_VERSION = 1;
				DEVELOPMENT_TEAM = CVRPLSH3AP;
				GENERATE_INFOPLIST_FILE = YES;
				MARKETING_VERSION = 1.0;
				PRODUCT_BUNDLE_IDENTIFIER = com.plexustechnology.FlilterDemoUITests;
				PRODUCT_NAME = "$(TARGET_NAME)";
				SWIFT_EMIT_LOC_STRINGS = NO;
				SWIFT_VERSION = 5.0;
				TARGETED_DEVICE_FAMILY = "1,2";
				TEST_TARGET_NAME = FlilterDemo;
			};
			name = Release;
		};
/* End XCBuildConfiguration section */

/* Begin XCConfigurationList section */
		BD62869B2C43168100683A8D /* Build configuration list for PBXProject "FlilterDemo" */ = {
			isa = XCConfigurationList;
			buildConfigurations = (
				BD6286C82C43168300683A8D /* Debug */,
				BD6286C92C43168300683A8D /* Release */,
			);
			defaultConfigurationIsVisible = 0;
			defaultConfigurationName = Release;
		};
		BD6286CA2C43168300683A8D /* Build configuration list for PBXNativeTarget "FlilterDemo" */ = {
			isa = XCConfigurationList;
			buildConfigurations = (
				BD6286CB2C43168300683A8D /* Debug */,
				BD6286CC2C43168300683A8D /* Release */,
			);
			defaultConfigurationIsVisible = 0;
			defaultConfigurationName = Release;
		};
		BD6286CD2C43168300683A8D /* Build configuration list for PBXNativeTarget "FlilterDemoTests" */ = {
			isa = XCConfigurationList;
			buildConfigurations = (
				BD6286CE2C43168300683A8D /* Debug */,
				BD6286CF2C43168300683A8D /* Release */,
			);
			defaultConfigurationIsVisible = 0;
			defaultConfigurationName = Release;
		};
		BD6286D02C43168300683A8D /* Build configuration list for PBXNativeTarget "FlilterDemoUITests" */ = {
			isa = XCConfigurationList;
			buildConfigurations = (
				BD6286D12C43168300683A8D /* Debug */,
				BD6286D22C43168300683A8D /* Release */,
			);
			defaultConfigurationIsVisible = 0;
			defaultConfigurationName = Release;
		};
/* End XCConfigurationList section */
	};
	rootObject = BD6286982C43168100683A8D /* Project object */;
}
